{
  "requires": true,
  "lockfileVersion": 1,
  "dependencies": {
    "vue-swatches": {
      "version": "2.1.1",
      "resolved": "https://registry.npmjs.org/vue-swatches/-/vue-swatches-2.1.1.tgz",
      "integrity": "sha512-YugkNbByxMz1dnx1nZyHSL3VSf/TnBH3/NQD+t8JKxPSqUmX87sVGBxjEaqH5IMraOLfVmU0pHCHl2BfXNypQg=="
    }
  }
}
