{
  "requires": true,
  "lockfileVersion": 1,
  "dependencies": {
    "vuejs-loading-screen": {
      "version": "1.10.2",
      "resolved": "https://registry.npmjs.org/vuejs-loading-screen/-/vuejs-loading-screen-1.10.2.tgz",
      "integrity": "sha512-b/g5JnZuLuxpTDT9LSimHXQcMdsjAlYY8Mbbxqe5RQPH2ZtuVjGSF1F9BEMmnvOeCvgeKYCCgSsqP+fdLhWvOQ=="
    }
  }
}
